
Microsoft Visual Studio Solution File, Format Version 12.00
# Visual Studio Version 17
VisualStudioVersion = 17.4.33205.214
MinimumVisualStudioVersion = 10.0.40219.1
Project("{FAE04EC0-301F-11D3-BF4B-00C04F79EFBC}") = "Threads", "Threads\Threads.csproj", "{AF0036A0-02A0-4912-82EC-1814FC8A95DD}"
EndProject
Global
	GlobalSection(SolutionConfigurationPlatforms) = preSolution
		Debug|Any CPU = Debug|Any CPU
		Release|Any CPU = Release|Any CPU
	EndGlobalSection
	GlobalSection(ProjectConfigurationPlatforms) = postSolution
		{AF0036A0-02A0-4912-82EC-1814FC8A95DD}.Debug|Any CPU.ActiveCfg = Debug|Any CPU
		{AF0036A0-02A0-4912-82EC-1814FC8A95DD}.Debug|Any CPU.Build.0 = Debug|Any CPU
		{AF0036A0-02A0-4912-82EC-1814FC8A95DD}.Release|Any CPU.ActiveCfg = Release|Any CPU
		{AF0036A0-02A0-4912-82EC-1814FC8A95DD}.Release|Any CPU.Build.0 = Release|Any CPU
	EndGlobalSection
	GlobalSection(SolutionProperties) = preSolution
		HideSolutionNode = FALSE
	EndGlobalSection
	GlobalSection(ExtensibilityGlobals) = postSolution
		SolutionGuid = {ECC8D016-28ED-4110-922F-C12199F734CA}
	EndGlobalSection
EndGlobal
