
Microsoft Visual Studio Solution File, Format Version 12.00
# Visual Studio Version 16
VisualStudioVersion = 16.0.31624.102
MinimumVisualStudioVersion = 10.0.40219.1
Project("{FAE04EC0-301F-11D3-BF4B-00C04F79EFBC}") = "ToDo", "ToDo\ToDo.csproj", "{BE830A65-E793-4370-AA8C-C0D762A3F62B}"
EndProject
Global
	GlobalSection(SolutionConfigurationPlatforms) = preSolution
		Debug|Any CPU = Debug|Any CPU
		Release|Any CPU = Release|Any CPU
	EndGlobalSection
	GlobalSection(ProjectConfigurationPlatforms) = postSolution
		{BE830A65-E793-4370-AA8C-C0D762A3F62B}.Debug|Any CPU.ActiveCfg = Debug|Any CPU
		{BE830A65-E793-4370-AA8C-C0D762A3F62B}.Debug|Any CPU.Build.0 = Debug|Any CPU
		{BE830A65-E793-4370-AA8C-C0D762A3F62B}.Release|Any CPU.ActiveCfg = Release|Any CPU
		{BE830A65-E793-4370-AA8C-C0D762A3F62B}.Release|Any CPU.Build.0 = Release|Any CPU
	EndGlobalSection
	GlobalSection(SolutionProperties) = preSolution
		HideSolutionNode = FALSE
	EndGlobalSection
	GlobalSection(ExtensibilityGlobals) = postSolution
		SolutionGuid = {46BB05F0-0720-4C37-BCCB-8B1946AE0415}
	EndGlobalSection
EndGlobal
