
Microsoft Visual Studio Solution File, Format Version 12.00
# Visual Studio Version 17
VisualStudioVersion = 17.4.33205.214
MinimumVisualStudioVersion = 10.0.40219.1
Project("{FAE04EC0-301F-11D3-BF4B-00C04F79EFBC}") = "TryCatch", "TryCatch\TryCatch.csproj", "{8CF20698-EB83-4887-BB8E-9DB7A32B2573}"
EndProject
Global
	GlobalSection(SolutionConfigurationPlatforms) = preSolution
		Debug|Any CPU = Debug|Any CPU
		Release|Any CPU = Release|Any CPU
	EndGlobalSection
	GlobalSection(ProjectConfigurationPlatforms) = postSolution
		{8CF20698-EB83-4887-BB8E-9DB7A32B2573}.Debug|Any CPU.ActiveCfg = Debug|Any CPU
		{8CF20698-EB83-4887-BB8E-9DB7A32B2573}.Debug|Any CPU.Build.0 = Debug|Any CPU
		{8CF20698-EB83-4887-BB8E-9DB7A32B2573}.Release|Any CPU.ActiveCfg = Release|Any CPU
		{8CF20698-EB83-4887-BB8E-9DB7A32B2573}.Release|Any CPU.Build.0 = Release|Any CPU
	EndGlobalSection
	GlobalSection(SolutionProperties) = preSolution
		HideSolutionNode = FALSE
	EndGlobalSection
	GlobalSection(ExtensibilityGlobals) = postSolution
		SolutionGuid = {A69C3F6B-BE37-4ACA-AE65-CC30FD6A1E9E}
	EndGlobalSection
EndGlobal
